
Microsoft Visual Studio Solution File, Format Version 12.00
# Visual Studio 14
VisualStudioVersion = 14.0.25123.0
MinimumVisualStudioVersion = 10.0.40219.1
Project("{FAE04EC0-301F-11D3-BF4B-00C04F79EFBC}") = "fulcrum_services", "fulcrum_services\fulcrum_services.csproj", "{45AAC41C-EBF6-4874-8636-2FEF0D05BA43}"
	ProjectSection(ProjectDependencies) = postProject
		{D59CAC66-A815-42A3-9D1A-F6A6F201BFB0} = {D59CAC66-A815-42A3-9D1A-F6A6F201BFB0}
	EndProjectSection
EndProject
Project("{FAE04EC0-301F-11D3-BF4B-00C04F79EFBC}") = "fulcrum_common", "fulcrum_common\fulcrum_common.csproj", "{D59CAC66-A815-42A3-9D1A-F6A6F201BFB0}"
EndProject
Project("{FAE04EC0-301F-11D3-BF4B-00C04F79EFBC}") = "fulcrum_api", "fulcrum_api\fulcrum_api.csproj", "{8678A51A-DDD7-4A4F-94D3-C557F31D98F6}"
	ProjectSection(ProjectDependencies) = postProject
		{45AAC41C-EBF6-4874-8636-2FEF0D05BA43} = {45AAC41C-EBF6-4874-8636-2FEF0D05BA43}
		{D59CAC66-A815-42A3-9D1A-F6A6F201BFB0} = {D59CAC66-A815-42A3-9D1A-F6A6F201BFB0}
	EndProjectSection
EndProject
Global
	GlobalSection(SolutionConfigurationPlatforms) = preSolution
		Debug|Any CPU = Debug|Any CPU
		Release|Any CPU = Release|Any CPU
	EndGlobalSection
	GlobalSection(ProjectConfigurationPlatforms) = postSolution
		{45AAC41C-EBF6-4874-8636-2FEF0D05BA43}.Debug|Any CPU.ActiveCfg = Debug|Any CPU
		{45AAC41C-EBF6-4874-8636-2FEF0D05BA43}.Debug|Any CPU.Build.0 = Debug|Any CPU
		{45AAC41C-EBF6-4874-8636-2FEF0D05BA43}.Release|Any CPU.ActiveCfg = Release|Any CPU
		{45AAC41C-EBF6-4874-8636-2FEF0D05BA43}.Release|Any CPU.Build.0 = Release|Any CPU
		{D59CAC66-A815-42A3-9D1A-F6A6F201BFB0}.Debug|Any CPU.ActiveCfg = Debug|Any CPU
		{D59CAC66-A815-42A3-9D1A-F6A6F201BFB0}.Debug|Any CPU.Build.0 = Debug|Any CPU
		{D59CAC66-A815-42A3-9D1A-F6A6F201BFB0}.Release|Any CPU.ActiveCfg = Release|Any CPU
		{D59CAC66-A815-42A3-9D1A-F6A6F201BFB0}.Release|Any CPU.Build.0 = Release|Any CPU
		{8678A51A-DDD7-4A4F-94D3-C557F31D98F6}.Debug|Any CPU.ActiveCfg = Debug|Any CPU
		{8678A51A-DDD7-4A4F-94D3-C557F31D98F6}.Debug|Any CPU.Build.0 = Debug|Any CPU
		{8678A51A-DDD7-4A4F-94D3-C557F31D98F6}.Release|Any CPU.ActiveCfg = Release|Any CPU
		{8678A51A-DDD7-4A4F-94D3-C557F31D98F6}.Release|Any CPU.Build.0 = Release|Any CPU
	EndGlobalSection
	GlobalSection(SolutionProperties) = preSolution
		HideSolutionNode = FALSE
	EndGlobalSection
EndGlobal
